{
  "name": "chatfuel-dialogflow-integration",
  "version": "1.0.0",
  "lockfileVersion": 1,
  "requires": true,
  "dependencies": {
    "@types/node": {
      "version": "9.4.6",
      "resolved": "https://registry.npmjs.org/@types/node/-/node-9.4.6.tgz",
      "integrity": "sha512-CTUtLb6WqCCgp6P59QintjHWqzf4VL1uPA27bipLAPxFqrtK1gEYllePzTICGqQ8rYsCbpnsNypXjjDzGAAjEQ==",
      "dev": true
    },
    "any-promise": {
      "version": "1.3.0",
      "resolved": "https://registry.npmjs.org/any-promise/-/any-promise-1.3.0.tgz",
      "integrity": "sha1-q8av7tzqUugJzcA3au0845Y10X8="
    },
    "apiai": {
      "version": "4.0.3",
      "resolved": "https://registry.npmjs.org/apiai/-/apiai-4.0.3.tgz",
      "integrity": "sha1-LRqjutH9lBjeqtpQk2noTgEe+vg="
    },
    "apiai-promise": {
      "version": "1.0.0",
      "resolved": "https://registry.npmjs.org/apiai-promise/-/apiai-promise-1.0.0.tgz",
      "integrity": "sha1-ShCYV960ewx1gGiUQ9uGOReM17k=",
      "requires": {
        "any-promise": "1.3.0",
        "apiai": "3.0.3"
      },
      "dependencies": {
        "apiai": {
          "version": "3.0.3",
          "resolved": "https://registry.npmjs.org/apiai/-/apiai-3.0.3.tgz",
          "integrity": "sha1-oqAZtTindrZcNWCej0KQ+l5NKDI="
        }
      }
    },
    "polly-js": {
      "version": "1.8.2",
      "resolved": "https://registry.npmjs.org/polly-js/-/polly-js-1.8.2.tgz",
      "integrity": "sha512-xLP03RU7rnczJgul5YtCbk9SRtuvE/f0hMntAoH4mMmqRoLaHBO9SXPG2UFZRBjqv0ResUCmXhQPwQXkYhBxsg=="
    }
  }
}
